
Microsoft Visual Studio Solution File, Format Version 12.00
# Visual Studio Version 17
VisualStudioVersion = 17.8.34330.188
MinimumVisualStudioVersion = 10.0.40219.1
Project("{FAE04EC0-301F-11D3-BF4B-00C04F79EFBC}") = "LW_3_Hesh", "LW_3_Hesh\LW_3_Hesh.csproj", "{530FF0D8-76AE-4924-8CE5-55509C852EAE}"
EndProject
Global
	GlobalSection(SolutionConfigurationPlatforms) = preSolution
		Debug|Any CPU = Debug|Any CPU
		Release|Any CPU = Release|Any CPU
	EndGlobalSection
	GlobalSection(ProjectConfigurationPlatforms) = postSolution
		{530FF0D8-76AE-4924-8CE5-55509C852EAE}.Debug|Any CPU.ActiveCfg = Debug|Any CPU
		{530FF0D8-76AE-4924-8CE5-55509C852EAE}.Debug|Any CPU.Build.0 = Debug|Any CPU
		{530FF0D8-76AE-4924-8CE5-55509C852EAE}.Release|Any CPU.ActiveCfg = Release|Any CPU
		{530FF0D8-76AE-4924-8CE5-55509C852EAE}.Release|Any CPU.Build.0 = Release|Any CPU
	EndGlobalSection
	GlobalSection(SolutionProperties) = preSolution
		HideSolutionNode = FALSE
	EndGlobalSection
	GlobalSection(ExtensibilityGlobals) = postSolution
		SolutionGuid = {EAEBA650-753B-41DD-ADE3-6FDDBB8C9420}
	EndGlobalSection
EndGlobal
